{
  "version": "5",
  "remote": {
    "https://edge.netlify.com/": "fd941d61d88673d5f28aab283fb86fcc50f08a3bc80ee5470498fcfa88c65cfb",
    "https://edge.netlify.com/bootstrap/config.ts": "6a2ce0e544e15e8f8883a5c18da5948e37fd0f2619f68cb31f3af53c51817025",
    "https://edge.netlify.com/bootstrap/context.ts": "e97240232121e2f369f6546ce961490f34d961ea1ea54be3ff09633e3f08373f",
    "https://edge.netlify.com/bootstrap/cookie.ts": "8b0baae708989ca183c6f3b4ab3d029e6abcbc2e43f93edeb0ff447b3bbc3a05",
    "https://edge.netlify.com/bootstrap/edge_function.ts": "b8253e86aa83c67341f5cfedeba5049d77fbf84dcab7eceff7566b7728ae9b39",
    "https://edge.netlify.com/bootstrap/globals/types.ts": "eaa6148ded3121d8dee62dd91c86e7fe76601df0f3ca8d7962243a30f4c8935f"
  },
  "workspace": {
    "packageJson": {
      "dependencies": [
        "npm:@content-collections/core@0.15",
        "npm:@content-collections/markdown@~0.1.4",
        "npm:@content-collections/mdx@~0.2.2",
        "npm:@content-collections/vite@0.3",
        "npm:@fontsource-variable/archivo@^5.2.8",
        "npm:@fontsource-variable/inter@^5.2.8",
        "npm:@fontsource-variable/sora@^5.2.8",
        "npm:@fontsource/geist-mono@^5.2.7",
        "npm:@fontsource/titillium-web@^5.2.8",
        "npm:@netlify/vite-plugin-tanstack-start@^1.3.9",
        "npm:@ramonak/react-progress-bar@^5.4.0",
        "npm:@recharts/devtools@^0.0.13",
        "npm:@rolldown/plugin-babel@~0.2.3",
        "npm:@tanstack/devtools-vite@latest",
        "npm:@tanstack/eslint-config@latest",
        "npm:@tanstack/react-devtools@latest",
        "npm:@tanstack/react-form@latest",
        "npm:@tanstack/react-router-devtools@latest",
        "npm:@tanstack/react-router-ssr-query@latest",
        "npm:@tanstack/react-router@latest",
        "npm:@tanstack/react-start@latest",
        "npm:@tanstack/router-plugin@^1.132.0",
        "npm:@testing-library/dom@^10.4.1",
        "npm:@testing-library/react@^16.3.0",
        "npm:@types/node@^22.10.2",
        "npm:@types/react-dom@^19.2.0",
        "npm:@types/react@^19.2.0",
        "npm:@vitejs/plugin-react@^6.0.1",
        "npm:babel-plugin-react-compiler@1",
        "npm:eslint@^9.20.0",
        "npm:jarallax@3",
        "npm:jsdom@^28.1.0",
        "npm:lucide-react@0.545",
        "npm:motion@^12.38.0",
        "npm:prettier@^3.8.1",
        "npm:react-countup@^6.5.3",
        "npm:react-dom@^19.2.0",
        "npm:react-fast-marquee@^1.6.5",
        "npm:react@^19.2.0",
        "npm:recharts@^3.8.1",
        "npm:rehype-slug@6",
        "npm:remark-gfm@^4.0.1",
        "npm:sweetalert2@^11.26.24",
        "npm:swiper@^12.1.3",
        "npm:tailwindcss@^4.1.18",
        "npm:typescript@^6.0.2",
        "npm:vite@8",
        "npm:vitest@^4.1.5",
        "npm:yet-another-react-lightbox@^3.31.0",
        "npm:zod@^4.3.6"
      ]
    }
  }
}
